// !$*UTF8*$!
{
	archiveVersion = 1;
	classes = {
	};
	objectVersion = 56;
	objects = {

/* Begin PBXBuildFile section */
		9F0F2F4529E6C27D004DF6E8 /* category.json in Resources */ = {isa = PBXBuildFile; fileRef = 9F0F2F4129E6C27D004DF6E8 /* category.json */; };
		9F0F2F4629E6C27D004DF6E8 /* player.json in Resources */ = {isa = PBXBuildFile; fileRef = 9F0F2F4229E6C27D004DF6E8 /* player.json */; };
		9F0F2F4729E6C27D004DF6E8 /* brand.json in Resources */ = {isa = PBXBuildFile; fileRef = 9F0F2F4329E6C27D004DF6E8 /* brand.json */; };
		9F0F2F4829E6C27D004DF6E8 /* product.json in Resources */ = {isa = PBXBuildFile; fileRef = 9F0F2F4429E6C27D004DF6E8 /* product.json */; };
		9F3164A929E6BF400071D6BA /* TouchdownApp.swift in Sources */ = {isa = PBXBuildFile; fileRef = 9F3164A829E6BF400071D6BA /* TouchdownApp.swift */; };
		9F3164AB29E6BF400071D6BA /* ContentView.swift in Sources */ = {isa = PBXBuildFile; fileRef = 9F3164AA29E6BF400071D6BA /* ContentView.swift */; };
		9F3164AD29E6BF410071D6BA /* Assets.xcassets in Resources */ = {isa = PBXBuildFile; fileRef = 9F3164AC29E6BF410071D6BA /* Assets.xcassets */; };
		9F3164B029E6BF410071D6BA /* Preview Assets.xcassets in Resources */ = {isa = PBXBuildFile; fileRef = 9F3164AF29E6BF410071D6BA /* Preview Assets.xcassets */; };
		9F3379A529E6C42C007919F2 /* Constant.swift in Sources */ = {isa = PBXBuildFile; fileRef = 9F3379A429E6C42C007919F2 /* Constant.swift */; };
		9F3379A729E6C6DF007919F2 /* FooterView.swift in Sources */ = {isa = PBXBuildFile; fileRef = 9F3379A629E6C6DF007919F2 /* FooterView.swift */; };
		9F3379A929E6C94A007919F2 /* NavigationBarView.swift in Sources */ = {isa = PBXBuildFile; fileRef = 9F3379A829E6C94A007919F2 /* NavigationBarView.swift */; };
		9F3379AB29E6CA8A007919F2 /* LogoView.swift in Sources */ = {isa = PBXBuildFile; fileRef = 9F3379AA29E6CA8A007919F2 /* LogoView.swift */; };
		9F3379AD29E81DB3007919F2 /* PlayerModel.swift in Sources */ = {isa = PBXBuildFile; fileRef = 9F3379AC29E81DB3007919F2 /* PlayerModel.swift */; };
		9F3379AF29E81DE8007919F2 /* CodableBundleExtension.swift in Sources */ = {isa = PBXBuildFile; fileRef = 9F3379AE29E81DE8007919F2 /* CodableBundleExtension.swift */; };
		9F3379B129E81F40007919F2 /* FeaturedItemView.swift in Sources */ = {isa = PBXBuildFile; fileRef = 9F3379B029E81F40007919F2 /* FeaturedItemView.swift */; };
		9F3379B329E81FAA007919F2 /* FeatureTabView.swift in Sources */ = {isa = PBXBuildFile; fileRef = 9F3379B229E81FAA007919F2 /* FeatureTabView.swift */; };
/* End PBXBuildFile section */

/* Begin PBXFileReference section */
		9F0F2F4129E6C27D004DF6E8 /* category.json */ = {isa = PBXFileReference; fileEncoding = 4; lastKnownFileType = text.json; path = category.json; sourceTree = "<group>"; };
		9F0F2F4229E6C27D004DF6E8 /* player.json */ = {isa = PBXFileReference; fileEncoding = 4; lastKnownFileType = text.json; path = player.json; sourceTree = "<group>"; };
		9F0F2F4329E6C27D004DF6E8 /* brand.json */ = {isa = PBXFileReference; fileEncoding = 4; lastKnownFileType = text.json; path = brand.json; sourceTree = "<group>"; };
		9F0F2F4429E6C27D004DF6E8 /* product.json */ = {isa = PBXFileReference; fileEncoding = 4; lastKnownFileType = text.json; path = product.json; sourceTree = "<group>"; };
		9F3164A529E6BF400071D6BA /* Touchdown.app */ = {isa = PBXFileReference; explicitFileType = wrapper.application; includeInIndex = 0; path = Touchdown.app; sourceTree = BUILT_PRODUCTS_DIR; };
		9F3164A829E6BF400071D6BA /* TouchdownApp.swift */ = {isa = PBXFileReference; lastKnownFileType = sourcecode.swift; path = TouchdownApp.swift; sourceTree = "<group>"; };
		9F3164AA29E6BF400071D6BA /* ContentView.swift */ = {isa = PBXFileReference; lastKnownFileType = sourcecode.swift; path = ContentView.swift; sourceTree = "<group>"; };
		9F3164AC29E6BF410071D6BA /* Assets.xcassets */ = {isa = PBXFileReference; lastKnownFileType = folder.assetcatalog; path = Assets.xcassets; sourceTree = "<group>"; };
		9F3164AF29E6BF410071D6BA /* Preview Assets.xcassets */ = {isa = PBXFileReference; lastKnownFileType = folder.assetcatalog; path = "Preview Assets.xcassets"; sourceTree = "<group>"; };
		9F33799C29E6C313007919F2 /* Info.plist */ = {isa = PBXFileReference; lastKnownFileType = text.plist; path = Info.plist; sourceTree = "<group>"; };
		9F3379A429E6C42C007919F2 /* Constant.swift */ = {isa = PBXFileReference; lastKnownFileType = sourcecode.swift; path = Constant.swift; sourceTree = "<group>"; };
		9F3379A629E6C6DF007919F2 /* FooterView.swift */ = {isa = PBXFileReference; lastKnownFileType = sourcecode.swift; path = FooterView.swift; sourceTree = "<group>"; };
		9F3379A829E6C94A007919F2 /* NavigationBarView.swift */ = {isa = PBXFileReference; lastKnownFileType = sourcecode.swift; path = NavigationBarView.swift; sourceTree = "<group>"; };
		9F3379AA29E6CA8A007919F2 /* LogoView.swift */ = {isa = PBXFileReference; lastKnownFileType = sourcecode.swift; path = LogoView.swift; sourceTree = "<group>"; };
		9F3379AC29E81DB3007919F2 /* PlayerModel.swift */ = {isa = PBXFileReference; lastKnownFileType = sourcecode.swift; path = PlayerModel.swift; sourceTree = "<group>"; };
		9F3379AE29E81DE8007919F2 /* CodableBundleExtension.swift */ = {isa = PBXFileReference; lastKnownFileType = sourcecode.swift; path = CodableBundleExtension.swift; sourceTree = "<group>"; };
		9F3379B029E81F40007919F2 /* FeaturedItemView.swift */ = {isa = PBXFileReference; lastKnownFileType = sourcecode.swift; path = FeaturedItemView.swift; sourceTree = "<group>"; };
		9F3379B229E81FAA007919F2 /* FeatureTabView.swift */ = {isa = PBXFileReference; lastKnownFileType = sourcecode.swift; path = FeatureTabView.swift; sourceTree = "<group>"; };
/* End PBXFileReference section */

/* Begin PBXFrameworksBuildPhase section */
		9F3164A229E6BF400071D6BA /* Frameworks */ = {
			isa = PBXFrameworksBuildPhase;
			buildActionMask = 2147483647;
			files = (
			);
			runOnlyForDeploymentPostprocessing = 0;
		};
/* End PBXFrameworksBuildPhase section */

/* Begin PBXGroup section */
		9F31649C29E6BF400071D6BA = {
			isa = PBXGroup;
			children = (
				9F3164A729E6BF400071D6BA /* Touchdown */,
				9F3164A629E6BF400071D6BA /* Products */,
			);
			sourceTree = "<group>";
		};
		9F3164A629E6BF400071D6BA /* Products */ = {
			isa = PBXGroup;
			children = (
				9F3164A529E6BF400071D6BA /* Touchdown.app */,
			);
			name = Products;
			sourceTree = "<group>";
		};
		9F3164A729E6BF400071D6BA /* Touchdown */ = {
			isa = PBXGroup;
			children = (
				9F33799C29E6C313007919F2 /* Info.plist */,
				9F3379A329E6C3F6007919F2 /* Utility */,
				9F3379A229E6C3ED007919F2 /* Extension */,
				9F3379A129E6C3E3007919F2 /* Model */,
				9F33799E29E6C3C6007919F2 /* View */,
				9F33799D29E6C3B2007919F2 /* App */,
				9F33799B29E6C2D5007919F2 /* Data */,
				9F3164AC29E6BF410071D6BA /* Assets.xcassets */,
				9F3164AE29E6BF410071D6BA /* Preview Content */,
			);
			path = Touchdown;
			sourceTree = "<group>";
		};
		9F3164AE29E6BF410071D6BA /* Preview Content */ = {
			isa = PBXGroup;
			children = (
				9F3164AF29E6BF410071D6BA /* Preview Assets.xcassets */,
			);
			path = "Preview Content";
			sourceTree = "<group>";
		};
		9F33799B29E6C2D5007919F2 /* Data */ = {
			isa = PBXGroup;
			children = (
				9F0F2F4329E6C27D004DF6E8 /* brand.json */,
				9F0F2F4129E6C27D004DF6E8 /* category.json */,
				9F0F2F4229E6C27D004DF6E8 /* player.json */,
				9F0F2F4429E6C27D004DF6E8 /* product.json */,
			);
			path = Data;
			sourceTree = "<group>";
		};
		9F33799D29E6C3B2007919F2 /* App */ = {
			isa = PBXGroup;
			children = (
				9F3164A829E6BF400071D6BA /* TouchdownApp.swift */,
				9F3164AA29E6BF400071D6BA /* ContentView.swift */,
			);
			path = App;
			sourceTree = "<group>";
		};
		9F33799E29E6C3C6007919F2 /* View */ = {
			isa = PBXGroup;
			children = (
				9F3379A029E6C3DA007919F2 /* Detail */,
				9F33799F29E6C3CC007919F2 /* Home */,
			);
			path = View;
			sourceTree = "<group>";
		};
		9F33799F29E6C3CC007919F2 /* Home */ = {
			isa = PBXGroup;
			children = (
				9F3379A629E6C6DF007919F2 /* FooterView.swift */,
				9F3379A829E6C94A007919F2 /* NavigationBarView.swift */,
				9F3379AA29E6CA8A007919F2 /* LogoView.swift */,
				9F3379B029E81F40007919F2 /* FeaturedItemView.swift */,
				9F3379B229E81FAA007919F2 /* FeatureTabView.swift */,
			);
			path = Home;
			sourceTree = "<group>";
		};
		9F3379A029E6C3DA007919F2 /* Detail */ = {
			isa = PBXGroup;
			children = (
			);
			path = Detail;
			sourceTree = "<group>";
		};
		9F3379A129E6C3E3007919F2 /* Model */ = {
			isa = PBXGroup;
			children = (
				9F3379AC29E81DB3007919F2 /* PlayerModel.swift */,
			);
			path = Model;
			sourceTree = "<group>";
		};
		9F3379A229E6C3ED007919F2 /* Extension */ = {
			isa = PBXGroup;
			children = (
				9F3379AE29E81DE8007919F2 /* CodableBundleExtension.swift */,
			);
			path = Extension;
			sourceTree = "<group>";
		};
		9F3379A329E6C3F6007919F2 /* Utility */ = {
			isa = PBXGroup;
			children = (
				9F3379A429E6C42C007919F2 /* Constant.swift */,
			);
			path = Utility;
			sourceTree = "<group>";
		};
/* End PBXGroup section */

/* Begin PBXNativeTarget section */
		9F3164A429E6BF400071D6BA /* Touchdown */ = {
			isa = PBXNativeTarget;
			buildConfigurationList = 9F3164B329E6BF410071D6BA /* Build configuration list for PBXNativeTarget "Touchdown" */;
			buildPhases = (
				9F3164A129E6BF400071D6BA /* Sources */,
				9F3164A229E6BF400071D6BA /* Frameworks */,
				9F3164A329E6BF400071D6BA /* Resources */,
			);
			buildRules = (
			);
			dependencies = (
			);
			name = Touchdown;
			productName = Touchdown;
			productReference = 9F3164A529E6BF400071D6BA /* Touchdown.app */;
			productType = "com.apple.product-type.application";
		};
/* End PBXNativeTarget section */

/* Begin PBXProject section */
		9F31649D29E6BF400071D6BA /* Project object */ = {
			isa = PBXProject;
			attributes = {
				BuildIndependentTargetsInParallel = 1;
				LastSwiftUpdateCheck = 1430;
				LastUpgradeCheck = 1430;
				TargetAttributes = {
					9F3164A429E6BF400071D6BA = {
						CreatedOnToolsVersion = 14.3;
					};
				};
			};
			buildConfigurationList = 9F3164A029E6BF400071D6BA /* Build configuration list for PBXProject "Touchdown" */;
			compatibilityVersion = "Xcode 14.0";
			developmentRegion = en;
			hasScannedForEncodings = 0;
			knownRegions = (
				en,
				Base,
			);
			mainGroup = 9F31649C29E6BF400071D6BA;
			productRefGroup = 9F3164A629E6BF400071D6BA /* Products */;
			projectDirPath = "";
			projectRoot = "";
			targets = (
				9F3164A429E6BF400071D6BA /* Touchdown */,
			);
		};
/* End PBXProject section */

/* Begin PBXResourcesBuildPhase section */
		9F3164A329E6BF400071D6BA /* Resources */ = {
			isa = PBXResourcesBuildPhase;
			buildActionMask = 2147483647;
			files = (
				9F0F2F4629E6C27D004DF6E8 /* player.json in Resources */,
				9F0F2F4729E6C27D004DF6E8 /* brand.json in Resources */,
				9F0F2F4529E6C27D004DF6E8 /* category.json in Resources */,
				9F3164B029E6BF410071D6BA /* Preview Assets.xcassets in Resources */,
				9F3164AD29E6BF410071D6BA /* Assets.xcassets in Resources */,
				9F0F2F4829E6C27D004DF6E8 /* product.json in Resources */,
			);
			runOnlyForDeploymentPostprocessing = 0;
		};
/* End PBXResourcesBuildPhase section */

/* Begin PBXSourcesBuildPhase section */
		9F3164A129E6BF400071D6BA /* Sources */ = {
			isa = PBXSourcesBuildPhase;
			buildActionMask = 2147483647;
			files = (
				9F3379AF29E81DE8007919F2 /* CodableBundleExtension.swift in Sources */,
				9F3379B329E81FAA007919F2 /* FeatureTabView.swift in Sources */,
				9F3164AB29E6BF400071D6BA /* ContentView.swift in Sources */,
				9F3379AB29E6CA8A007919F2 /* LogoView.swift in Sources */,
				9F3379A729E6C6DF007919F2 /* FooterView.swift in Sources */,
				9F3379B129E81F40007919F2 /* FeaturedItemView.swift in Sources */,
				9F3164A929E6BF400071D6BA /* TouchdownApp.swift in Sources */,
				9F3379A529E6C42C007919F2 /* Constant.swift in Sources */,
				9F3379A929E6C94A007919F2 /* NavigationBarView.swift in Sources */,
				9F3379AD29E81DB3007919F2 /* PlayerModel.swift in Sources */,
			);
			runOnlyForDeploymentPostprocessing = 0;
		};
/* End PBXSourcesBuildPhase section */

/* Begin XCBuildConfiguration section */
		9F3164B129E6BF410071D6BA /* Debug */ = {
			isa = XCBuildConfiguration;
			buildSettings = {
				ALWAYS_SEARCH_USER_PATHS = NO;
				CLANG_ANALYZER_NONNULL = YES;
				CLANG_ANALYZER_NUMBER_OBJECT_CONVERSION = YES_AGGRESSIVE;
				CLANG_CXX_LANGUAGE_STANDARD = "gnu++20";
				CLANG_ENABLE_MODULES = YES;
				CLANG_ENABLE_OBJC_ARC = YES;
				CLANG_ENABLE_OBJC_WEAK = YES;
				CLANG_WARN_BLOCK_CAPTURE_AUTORELEASING = YES;
				CLANG_WARN_BOOL_CONVERSION = YES;
				CLANG_WARN_COMMA = YES;
				CLANG_WARN_CONSTANT_CONVERSION = YES;
				CLANG_WARN_DEPRECATED_OBJC_IMPLEMENTATIONS = YES;
				CLANG_WARN_DIRECT_OBJC_ISA_USAGE = YES_ERROR;
				CLANG_WARN_DOCUMENTATION_COMMENTS = YES;
				CLANG_WARN_EMPTY_BODY = YES;
				CLANG_WARN_ENUM_CONVERSION = YES;
				CLANG_WARN_INFINITE_RECURSION = YES;
				CLANG_WARN_INT_CONVERSION = YES;
				CLANG_WARN_NON_LITERAL_NULL_CONVERSION = YES;
				CLANG_WARN_OBJC_IMPLICIT_RETAIN_SELF = YES;
				CLANG_WARN_OBJC_LITERAL_CONVERSION = YES;
				CLANG_WARN_OBJC_ROOT_CLASS = YES_ERROR;
				CLANG_WARN_QUOTED_INCLUDE_IN_FRAMEWORK_HEADER = YES;
				CLANG_WARN_RANGE_LOOP_ANALYSIS = YES;
				CLANG_WARN_STRICT_PROTOTYPES = YES;
				CLANG_WARN_SUSPICIOUS_MOVE = YES;
				CLANG_WARN_UNGUARDED_AVAILABILITY = YES_AGGRESSIVE;
				CLANG_WARN_UNREACHABLE_CODE = YES;
				CLANG_WARN__DUPLICATE_METHOD_MATCH = YES;
				COPY_PHASE_STRIP = NO;
				DEBUG_INFORMATION_FORMAT = dwarf;
				ENABLE_STRICT_OBJC_MSGSEND = YES;
				ENABLE_TESTABILITY = YES;
				GCC_C_LANGUAGE_STANDARD = gnu11;
				GCC_DYNAMIC_NO_PIC = NO;
				GCC_NO_COMMON_BLOCKS = YES;
				GCC_OPTIMIZATION_LEVEL = 0;
				GCC_PREPROCESSOR_DEFINITIONS = (
					"DEBUG=1",
					"$(inherited)",
				);
				GCC_WARN_64_TO_32_BIT_CONVERSION = YES;
				GCC_WARN_ABOUT_RETURN_TYPE = YES_ERROR;
				GCC_WARN_UNDECLARED_SELECTOR = YES;
				GCC_WARN_UNINITIALIZED_AUTOS = YES_AGGRESSIVE;
				GCC_WARN_UNUSED_FUNCTION = YES;
				GCC_WARN_UNUSED_VARIABLE = YES;
				IPHONEOS_DEPLOYMENT_TARGET = 16.4;
				MTL_ENABLE_DEBUG_INFO = INCLUDE_SOURCE;
				MTL_FAST_MATH = YES;
				ONLY_ACTIVE_ARCH = YES;
				SDKROOT = iphoneos;
				SWIFT_ACTIVE_COMPILATION_CONDITIONS = DEBUG;
				SWIFT_OPTIMIZATION_LEVEL = "-Onone";
			};
			name = Debug;
		};
		9F3164B229E6BF410071D6BA /* Release */ = {
			isa = XCBuildConfiguration;
			buildSettings = {
				ALWAYS_SEARCH_USER_PATHS = NO;
				CLANG_ANALYZER_NONNULL = YES;
				CLANG_ANALYZER_NUMBER_OBJECT_CONVERSION = YES_AGGRESSIVE;
				CLANG_CXX_LANGUAGE_STANDARD = "gnu++20";
				CLANG_ENABLE_MODULES = YES;
				CLANG_ENABLE_OBJC_ARC = YES;
				CLANG_ENABLE_OBJC_WEAK = YES;
				CLANG_WARN_BLOCK_CAPTURE_AUTORELEASING = YES;
				CLANG_WARN_BOOL_CONVERSION = YES;
				CLANG_WARN_COMMA = YES;
				CLANG_WARN_CONSTANT_CONVERSION = YES;
				CLANG_WARN_DEPRECATED_OBJC_IMPLEMENTATIONS = YES;
				CLANG_WARN_DIRECT_OBJC_ISA_USAGE = YES_ERROR;
				CLANG_WARN_DOCUMENTATION_COMMENTS = YES;
				CLANG_WARN_EMPTY_BODY = YES;
				CLANG_WARN_ENUM_CONVERSION = YES;
				CLANG_WARN_INFINITE_RECURSION = YES;
				CLANG_WARN_INT_CONVERSION = YES;
				CLANG_WARN_NON_LITERAL_NULL_CONVERSION = YES;
				CLANG_WARN_OBJC_IMPLICIT_RETAIN_SELF = YES;
				CLANG_WARN_OBJC_LITERAL_CONVERSION = YES;
				CLANG_WARN_OBJC_ROOT_CLASS = YES_ERROR;
				CLANG_WARN_QUOTED_INCLUDE_IN_FRAMEWORK_HEADER = YES;
				CLANG_WARN_RANGE_LOOP_ANALYSIS = YES;
				CLANG_WARN_STRICT_PROTOTYPES = YES;
				CLANG_WARN_SUSPICIOUS_MOVE = YES;
				CLANG_WARN_UNGUARDED_AVAILABILITY = YES_AGGRESSIVE;
				CLANG_WARN_UNREACHABLE_CODE = YES;
				CLANG_WARN__DUPLICATE_METHOD_MATCH = YES;
				COPY_PHASE_STRIP = NO;
				DEBUG_INFORMATION_FORMAT = "dwarf-with-dsym";
				ENABLE_NS_ASSERTIONS = NO;
				ENABLE_STRICT_OBJC_MSGSEND = YES;
				GCC_C_LANGUAGE_STANDARD = gnu11;
				GCC_NO_COMMON_BLOCKS = YES;
				GCC_WARN_64_TO_32_BIT_CONVERSION = YES;
				GCC_WARN_ABOUT_RETURN_TYPE = YES_ERROR;
				GCC_WARN_UNDECLARED_SELECTOR = YES;
				GCC_WARN_UNINITIALIZED_AUTOS = YES_AGGRESSIVE;
				GCC_WARN_UNUSED_FUNCTION = YES;
				GCC_WARN_UNUSED_VARIABLE = YES;
				IPHONEOS_DEPLOYMENT_TARGET = 16.4;
				MTL_ENABLE_DEBUG_INFO = NO;
				MTL_FAST_MATH = YES;
				SDKROOT = iphoneos;
				SWIFT_COMPILATION_MODE = wholemodule;
				SWIFT_OPTIMIZATION_LEVEL = "-O";
				VALIDATE_PRODUCT = YES;
			};
			name = Release;
		};
		9F3164B429E6BF410071D6BA /* Debug */ = {
			isa = XCBuildConfiguration;
			buildSettings = {
				ASSETCATALOG_COMPILER_APPICON_NAME = AppIcon;
				ASSETCATALOG_COMPILER_GLOBAL_ACCENT_COLOR_NAME = AccentColor;
				CODE_SIGN_STYLE = Automatic;
				CURRENT_PROJECT_VERSION = 1;
				DEVELOPMENT_ASSET_PATHS = "\"Touchdown/Preview Content\"";
				DEVELOPMENT_TEAM = 8TUF73A8Z9;
				ENABLE_PREVIEWS = YES;
				GENERATE_INFOPLIST_FILE = YES;
				INFOPLIST_FILE = Touchdown/Info.plist;
				INFOPLIST_KEY_UIApplicationSceneManifest_Generation = YES;
				INFOPLIST_KEY_UIApplicationSupportsIndirectInputEvents = YES;
				INFOPLIST_KEY_UISupportedInterfaceOrientations = UIInterfaceOrientationPortrait;
				INFOPLIST_KEY_UIUserInterfaceStyle = Light;
				LD_RUNPATH_SEARCH_PATHS = (
					"$(inherited)",
					"@executable_path/Frameworks",
				);
				MARKETING_VERSION = 1.0;
				PRODUCT_BUNDLE_IDENTIFIER = com.tranceaerospace.Touchdown;
				PRODUCT_NAME = "$(TARGET_NAME)";
				SWIFT_EMIT_LOC_STRINGS = YES;
				SWIFT_VERSION = 5.0;
				TARGETED_DEVICE_FAMILY = "1,2";
			};
			name = Debug;
		};
		9F3164B529E6BF410071D6BA /* Release */ = {
			isa = XCBuildConfiguration;
			buildSettings = {
				ASSETCATALOG_COMPILER_APPICON_NAME = AppIcon;
				ASSETCATALOG_COMPILER_GLOBAL_ACCENT_COLOR_NAME = AccentColor;
				CODE_SIGN_STYLE = Automatic;
				CURRENT_PROJECT_VERSION = 1;
				DEVELOPMENT_ASSET_PATHS = "\"Touchdown/Preview Content\"";
				DEVELOPMENT_TEAM = 8TUF73A8Z9;
				ENABLE_PREVIEWS = YES;
				GENERATE_INFOPLIST_FILE = YES;
				INFOPLIST_FILE = Touchdown/Info.plist;
				INFOPLIST_KEY_UIApplicationSceneManifest_Generation = YES;
				INFOPLIST_KEY_UIApplicationSupportsIndirectInputEvents = YES;
				INFOPLIST_KEY_UISupportedInterfaceOrientations = UIInterfaceOrientationPortrait;
				INFOPLIST_KEY_UIUserInterfaceStyle = Light;
				LD_RUNPATH_SEARCH_PATHS = (
					"$(inherited)",
					"@executable_path/Frameworks",
				);
				MARKETING_VERSION = 1.0;
				PRODUCT_BUNDLE_IDENTIFIER = com.tranceaerospace.Touchdown;
				PRODUCT_NAME = "$(TARGET_NAME)";
				SWIFT_EMIT_LOC_STRINGS = YES;
				SWIFT_VERSION = 5.0;
				TARGETED_DEVICE_FAMILY = "1,2";
			};
			name = Release;
		};
/* End XCBuildConfiguration section */

/* Begin XCConfigurationList section */
		9F3164A029E6BF400071D6BA /* Build configuration list for PBXProject "Touchdown" */ = {
			isa = XCConfigurationList;
			buildConfigurations = (
				9F3164B129E6BF410071D6BA /* Debug */,
				9F3164B229E6BF410071D6BA /* Release */,
			);
			defaultConfigurationIsVisible = 0;
			defaultConfigurationName = Release;
		};
		9F3164B329E6BF410071D6BA /* Build configuration list for PBXNativeTarget "Touchdown" */ = {
			isa = XCConfigurationList;
			buildConfigurations = (
				9F3164B429E6BF410071D6BA /* Debug */,
				9F3164B529E6BF410071D6BA /* Release */,
			);
			defaultConfigurationIsVisible = 0;
			defaultConfigurationName = Release;
		};
/* End XCConfigurationList section */
	};
	rootObject = 9F31649D29E6BF400071D6BA /* Project object */;
}
